{
  "name": "maschinenlesbar-plugins-validate",
  "lockfileVersion": 3,
  "requires": true,
  "packages": {
    "": {
      "name": "maschinenlesbar-plugins-validate",
      "license": "AGPL-3.0-or-later",
      "dependencies": {
        "@anthropic-ai/claude-code": "2.1.236"
      }
    },
    "node_modules/@anthropic-ai/claude-code": {
      "version": "2.1.236",
      "resolved": "https://registry.npmjs.org/@anthropic-ai/claude-code/-/claude-code-2.1.236.tgz",
      "integrity": "sha512-sz+7GLMhFcwkN2tZHJIXGgon/g/29WMMV5UNYog9sl4OvdX5q3evM1mcXVQnasP4obP6ueItECMCpSk1MPhTDg==",
      "hasInstallScript": true,
      "license": "SEE LICENSE IN README.md",
      "bin": {
        "claude": "bin/claude.exe"
      },
      "engines": {
        "node": ">=22.0.0"
      },
      "optionalDependencies": {
        "@anthropic-ai/claude-code-darwin-arm64": "2.1.236",
        "@anthropic-ai/claude-code-darwin-x64": "2.1.236",
        "@anthropic-ai/claude-code-linux-arm64": "2.1.236",
        "@anthropic-ai/claude-code-linux-arm64-musl": "2.1.236",
        "@anthropic-ai/claude-code-linux-x64": "2.1.236",
        "@anthropic-ai/claude-code-linux-x64-musl": "2.1.236",
        "@anthropic-ai/claude-code-win32-arm64": "2.1.236",
        "@anthropic-ai/claude-code-win32-x64": "2.1.236"
      }
    },
    "node_modules/@anthropic-ai/claude-code-darwin-arm64": {
      "version": "2.1.236",
      "resolved": "https://registry.npmjs.org/@anthropic-ai/claude-code-darwin-arm64/-/claude-code-darwin-arm64-2.1.236.tgz",
      "integrity": "sha512-CaGOnOXLFmecFc6td8SykfbYWo+P/o9Knh7fUYRpI0NTCG7edINaDaS1Eu9PeYUn8Sy91A4TwYRglko1WFpg4g==",
      "cpu": [
        "arm64"
      ],
      "license": "SEE LICENSE IN LICENSE.md",
      "optional": true,
      "os": [
        "darwin"
      ]
    },
    "node_modules/@anthropic-ai/claude-code-darwin-x64": {
      "version": "2.1.236",
      "resolved": "https://registry.npmjs.org/@anthropic-ai/claude-code-darwin-x64/-/claude-code-darwin-x64-2.1.236.tgz",
      "integrity": "sha512-q6YsfH79686Amgy5Riw9Rv2dYh40BccUSSpxneZJtBHyaJqkEmijMg6OWZIRE1d++CbIiWDe9hkFFP6acvuYVA==",
      "cpu": [
        "x64"
      ],
      "license": "SEE LICENSE IN LICENSE.md",
      "optional": true,
      "os": [
        "darwin"
      ]
    },
    "node_modules/@anthropic-ai/claude-code-linux-arm64": {
      "version": "2.1.236",
      "resolved": "https://registry.npmjs.org/@anthropic-ai/claude-code-linux-arm64/-/claude-code-linux-arm64-2.1.236.tgz",
      "integrity": "sha512-3e8S69B1Nsb7eX3z9Eq0ngHpGyPIl/aVc+BaoSHGMs3gP1ucyon5YIM2VRHFE3lj+FOBsGId7dU9LpeBSWNGnA==",
      "cpu": [
        "arm64"
      ],
      "libc": [
        "glibc"
      ],
      "license": "SEE LICENSE IN LICENSE.md",
      "optional": true,
      "os": [
        "linux"
      ]
    },
    "node_modules/@anthropic-ai/claude-code-linux-arm64-musl": {
      "version": "2.1.236",
      "resolved": "https://registry.npmjs.org/@anthropic-ai/claude-code-linux-arm64-musl/-/claude-code-linux-arm64-musl-2.1.236.tgz",
      "integrity": "sha512-bXzIK4/LmVqzaQv87cdJC0w86sEqUuozJphULSkrPHukyl9gZJ1ZpwHbfxZPXGOopbM6uLiCOmp+J+hu3u0MtQ==",
      "cpu": [
        "arm64"
      ],
      "libc": [
        "musl"
      ],
      "license": "SEE LICENSE IN LICENSE.md",
      "optional": true,
      "os": [
        "linux"
      ]
    },
    "node_modules/@anthropic-ai/claude-code-linux-x64": {
      "version": "2.1.236",
      "resolved": "https://registry.npmjs.org/@anthropic-ai/claude-code-linux-x64/-/claude-code-linux-x64-2.1.236.tgz",
      "integrity": "sha512-96GVEfl+2t2HWbKBlW4oIEubH6pkL27R5j9feWS+tQH6MWiGnr8jNsL5Fv2405ZiO3+SiX2eV/3sUkUWRV5h6w==",
      "cpu": [
        "x64"
      ],
      "libc": [
        "glibc"
      ],
      "license": "SEE LICENSE IN LICENSE.md",
      "optional": true,
      "os": [
        "linux"
      ]
    },
    "node_modules/@anthropic-ai/claude-code-linux-x64-musl": {
      "version": "2.1.236",
      "resolved": "https://registry.npmjs.org/@anthropic-ai/claude-code-linux-x64-musl/-/claude-code-linux-x64-musl-2.1.236.tgz",
      "integrity": "sha512-D/mlGvsiAmGQEli2lGTa5NNT+IF/0TwttqhCr+EuSnN99re54BBIekvp1FKBlRRW7WS4IeaMbjWlZmE5Le/rKA==",
      "cpu": [
        "x64"
      ],
      "libc": [
        "musl"
      ],
      "license": "SEE LICENSE IN LICENSE.md",
      "optional": true,
      "os": [
        "linux"
      ]
    },
    "node_modules/@anthropic-ai/claude-code-win32-arm64": {
      "version": "2.1.236",
      "resolved": "https://registry.npmjs.org/@anthropic-ai/claude-code-win32-arm64/-/claude-code-win32-arm64-2.1.236.tgz",
      "integrity": "sha512-mDqDsI1panxe3qw7U2Ixjr94yScqJDHfdMX7rGBCeHh1wxxfACddEYXzCMzEL3M4JwtcZarHqi0gvbG9qzNbmQ==",
      "cpu": [
        "arm64"
      ],
      "license": "SEE LICENSE IN LICENSE.md",
      "optional": true,
      "os": [
        "win32"
      ]
    },
    "node_modules/@anthropic-ai/claude-code-win32-x64": {
      "version": "2.1.236",
      "resolved": "https://registry.npmjs.org/@anthropic-ai/claude-code-win32-x64/-/claude-code-win32-x64-2.1.236.tgz",
      "integrity": "sha512-ijuHexQ4q0mhWXGw6M1dfeBkMuGSs5E0tVQ3Mlrh8d5XjjLVPqhiFiGW/vieITvwjmgu7m42prdDUJSCYp2deQ==",
      "cpu": [
        "x64"
      ],
      "license": "SEE LICENSE IN LICENSE.md",
      "optional": true,
      "os": [
        "win32"
      ]
    }
  }
}
